
Microsoft Visual Studio Solution File, Format Version 12.00
# Visual Studio Version 16
VisualStudioVersion = 16.0.29519.181
MinimumVisualStudioVersion = 10.0.40219.1
Project("{9A19103F-16F7-4668-BE54-9A1E7A4F7556}") = "Blog.MVP.Blazor", "Blog.MVP.Blazor\Blog.MVP.Blazor.csproj", "{507A3C4B-3B0B-4B46-925B-F1023D819545}"
EndProject
Project("{9A19103F-16F7-4668-BE54-9A1E7A4F7556}") = "Blog.MVP.Blazor.SSR", "Blog.MVP.Blazor.SSR\Blog.MVP.Blazor.SSR.csproj", "{05EF5626-2D1F-4260-AF50-3C3586E8D98F}"
EndProject
Global
	GlobalSection(SolutionConfigurationPlatforms) = preSolution
		Debug|Any CPU = Debug|Any CPU
		Release|Any CPU = Release|Any CPU
	EndGlobalSection
	GlobalSection(ProjectConfigurationPlatforms) = postSolution
		{507A3C4B-3B0B-4B46-925B-F1023D819545}.Debug|Any CPU.ActiveCfg = Debug|Any CPU
		{507A3C4B-3B0B-4B46-925B-F1023D819545}.Debug|Any CPU.Build.0 = Debug|Any CPU
		{507A3C4B-3B0B-4B46-925B-F1023D819545}.Release|Any CPU.ActiveCfg = Release|Any CPU
		{507A3C4B-3B0B-4B46-925B-F1023D819545}.Release|Any CPU.Build.0 = Release|Any CPU
		{05EF5626-2D1F-4260-AF50-3C3586E8D98F}.Debug|Any CPU.ActiveCfg = Debug|Any CPU
		{05EF5626-2D1F-4260-AF50-3C3586E8D98F}.Debug|Any CPU.Build.0 = Debug|Any CPU
		{05EF5626-2D1F-4260-AF50-3C3586E8D98F}.Release|Any CPU.ActiveCfg = Release|Any CPU
		{05EF5626-2D1F-4260-AF50-3C3586E8D98F}.Release|Any CPU.Build.0 = Release|Any CPU
	EndGlobalSection
	GlobalSection(SolutionProperties) = preSolution
		HideSolutionNode = FALSE
	EndGlobalSection
	GlobalSection(ExtensibilityGlobals) = postSolution
		SolutionGuid = {7C5A7899-AD01-4BC4-BAF3-13B58B95E8FD}
	EndGlobalSection
EndGlobal
