
Microsoft Visual Studio Solution File, Format Version 12.00
# Visual Studio Version 16
VisualStudioVersion = 16.0.29519.181
MinimumVisualStudioVersion = 10.0.40219.1
Project("{FAE04EC0-301F-11D3-BF4B-00C04F79EFBC}") = "Blog.Admin.Blazor", "Blog.Admin.Blazor\Blog.Admin.Blazor.csproj", "{35A54F5E-77CA-46D2-96AE-FC58B0C24DEA}"
EndProject
Global
	GlobalSection(SolutionConfigurationPlatforms) = preSolution
		Debug|Any CPU = Debug|Any CPU
		Release|Any CPU = Release|Any CPU
	EndGlobalSection
	GlobalSection(ProjectConfigurationPlatforms) = postSolution
		{35A54F5E-77CA-46D2-96AE-FC58B0C24DEA}.Debug|Any CPU.ActiveCfg = Debug|Any CPU
		{35A54F5E-77CA-46D2-96AE-FC58B0C24DEA}.Debug|Any CPU.Build.0 = Debug|Any CPU
		{35A54F5E-77CA-46D2-96AE-FC58B0C24DEA}.Release|Any CPU.ActiveCfg = Release|Any CPU
		{35A54F5E-77CA-46D2-96AE-FC58B0C24DEA}.Release|Any CPU.Build.0 = Release|Any CPU
	EndGlobalSection
	GlobalSection(SolutionProperties) = preSolution
		HideSolutionNode = FALSE
	EndGlobalSection
	GlobalSection(ExtensibilityGlobals) = postSolution
		SolutionGuid = {DC313D5B-7B82-43B5-B135-47C5C53F57AF}
	EndGlobalSection
EndGlobal
